
Microsoft Visual Studio Solution File, Format Version 12.00
# Visual Studio Version 16
VisualStudioVersion = 16.0.29911.98
MinimumVisualStudioVersion = 10.0.40219.1
Project("{FAE04EC0-301F-11D3-BF4B-00C04F79EFBC}") = "AbbySampleDemo", "AbbySampleDemo.csproj", "{A1544CF6-61FB-437A-8DCD-CFF5020837BF}"
EndProject
Global
	GlobalSection(SolutionConfigurationPlatforms) = preSolution
		Debug|Any CPU = Debug|Any CPU
		Release|Any CPU = Release|Any CPU
	EndGlobalSection
	GlobalSection(ProjectConfigurationPlatforms) = postSolution
		{A1544CF6-61FB-437A-8DCD-CFF5020837BF}.Debug|Any CPU.ActiveCfg = Debug|Any CPU
		{A1544CF6-61FB-437A-8DCD-CFF5020837BF}.Debug|Any CPU.Build.0 = Debug|Any CPU
		{A1544CF6-61FB-437A-8DCD-CFF5020837BF}.Release|Any CPU.ActiveCfg = Release|Any CPU
		{A1544CF6-61FB-437A-8DCD-CFF5020837BF}.Release|Any CPU.Build.0 = Release|Any CPU
	EndGlobalSection
	GlobalSection(SolutionProperties) = preSolution
		HideSolutionNode = FALSE
	EndGlobalSection
	GlobalSection(ExtensibilityGlobals) = postSolution
		SolutionGuid = {9D85BA4E-1DF9-4787-8E97-4CD30D85C74A}
	EndGlobalSection
EndGlobal
